
Microsoft Visual Studio Solution File, Format Version 12.00
# Visual Studio Version 16
VisualStudioVersion = 16.0.31729.503
MinimumVisualStudioVersion = 10.0.40219.1
Project("{9A19103F-16F7-4668-BE54-9A1E7A4F7556}") = "Homework1", "Homework1.csproj", "{CE0B563B-0DFB-4B52-A5FF-8BC789A693E4}"
EndProject
Global
	GlobalSection(SolutionConfigurationPlatforms) = preSolution
		Debug|Any CPU = Debug|Any CPU
		Release|Any CPU = Release|Any CPU
	EndGlobalSection
	GlobalSection(ProjectConfigurationPlatforms) = postSolution
		{CE0B563B-0DFB-4B52-A5FF-8BC789A693E4}.Debug|Any CPU.ActiveCfg = Debug|Any CPU
		{CE0B563B-0DFB-4B52-A5FF-8BC789A693E4}.Debug|Any CPU.Build.0 = Debug|Any CPU
		{CE0B563B-0DFB-4B52-A5FF-8BC789A693E4}.Release|Any CPU.ActiveCfg = Release|Any CPU
		{CE0B563B-0DFB-4B52-A5FF-8BC789A693E4}.Release|Any CPU.Build.0 = Release|Any CPU
	EndGlobalSection
	GlobalSection(SolutionProperties) = preSolution
		HideSolutionNode = FALSE
	EndGlobalSection
	GlobalSection(ExtensibilityGlobals) = postSolution
		SolutionGuid = {6952E699-1C69-4B53-B4A6-E4FD604DBC95}
	EndGlobalSection
EndGlobal
