
Microsoft Visual Studio Solution File, Format Version 12.00
# Visual Studio Version 16
VisualStudioVersion = 16.0.31729.503
MinimumVisualStudioVersion = 10.0.40219.1
Project("{FAE04EC0-301F-11D3-BF4B-00C04F79EFBC}") = "HometaskService", "HometaskService.csproj", "{ADD80C7F-1306-4657-81C5-BAB8B2E8331F}"
EndProject
Global
	GlobalSection(SolutionConfigurationPlatforms) = preSolution
		Debug|Any CPU = Debug|Any CPU
		Release|Any CPU = Release|Any CPU
	EndGlobalSection
	GlobalSection(ProjectConfigurationPlatforms) = postSolution
		{ADD80C7F-1306-4657-81C5-BAB8B2E8331F}.Debug|Any CPU.ActiveCfg = Debug|Any CPU
		{ADD80C7F-1306-4657-81C5-BAB8B2E8331F}.Debug|Any CPU.Build.0 = Debug|Any CPU
		{ADD80C7F-1306-4657-81C5-BAB8B2E8331F}.Release|Any CPU.ActiveCfg = Release|Any CPU
		{ADD80C7F-1306-4657-81C5-BAB8B2E8331F}.Release|Any CPU.Build.0 = Release|Any CPU
	EndGlobalSection
	GlobalSection(SolutionProperties) = preSolution
		HideSolutionNode = FALSE
	EndGlobalSection
	GlobalSection(ExtensibilityGlobals) = postSolution
		SolutionGuid = {AC6D23BE-0B16-4C21-B25A-6903538FDD62}
	EndGlobalSection
EndGlobal
